
Microsoft Visual Studio Solution File, Format Version 12.00
# Visual Studio Version 17
VisualStudioVersion = 17.10.34916.146
MinimumVisualStudioVersion = 10.0.40219.1
Project("{FAE04EC0-301F-11D3-BF4B-00C04F79EFBC}") = "WebApiEcommerce", "WebApiEcommerce\WebApiEcommerce.csproj", "{50C83686-CB4D-4A5E-94AE-49B384FC4132}"
EndProject
Global
	GlobalSection(SolutionConfigurationPlatforms) = preSolution
		Debug|Any CPU = Debug|Any CPU
		Release|Any CPU = Release|Any CPU
	EndGlobalSection
	GlobalSection(ProjectConfigurationPlatforms) = postSolution
		{50C83686-CB4D-4A5E-94AE-49B384FC4132}.Debug|Any CPU.ActiveCfg = Debug|Any CPU
		{50C83686-CB4D-4A5E-94AE-49B384FC4132}.Debug|Any CPU.Build.0 = Debug|Any CPU
		{50C83686-CB4D-4A5E-94AE-49B384FC4132}.Release|Any CPU.ActiveCfg = Release|Any CPU
		{50C83686-CB4D-4A5E-94AE-49B384FC4132}.Release|Any CPU.Build.0 = Release|Any CPU
	EndGlobalSection
	GlobalSection(SolutionProperties) = preSolution
		HideSolutionNode = FALSE
	EndGlobalSection
	GlobalSection(ExtensibilityGlobals) = postSolution
		SolutionGuid = {4432AC08-600F-42AE-8484-A96B784E81E6}
	EndGlobalSection
EndGlobal
